
Microsoft Visual Studio Solution File, Format Version 12.00
# Visual Studio Version 17
VisualStudioVersion = 17.4.33213.308
MinimumVisualStudioVersion = 10.0.40219.1
Project("{FAE04EC0-301F-11D3-BF4B-00C04F79EFBC}") = "LinkedLists.UI", "LinkedLists.UI\LinkedLists.UI.csproj", "{A811F48C-17EE-4950-8AF1-B4E5C331C032}"
EndProject
Project("{FAE04EC0-301F-11D3-BF4B-00C04F79EFBC}") = "LinkedLists.Logic", "LinkedLists.Logic\LinkedLists.Logic.csproj", "{9D3DD303-BDAF-42F5-BBB1-B5D9A7D39884}"
EndProject
Global
	GlobalSection(SolutionConfigurationPlatforms) = preSolution
		Debug|Any CPU = Debug|Any CPU
		Release|Any CPU = Release|Any CPU
	EndGlobalSection
	GlobalSection(ProjectConfigurationPlatforms) = postSolution
		{A811F48C-17EE-4950-8AF1-B4E5C331C032}.Debug|Any CPU.ActiveCfg = Debug|Any CPU
		{A811F48C-17EE-4950-8AF1-B4E5C331C032}.Debug|Any CPU.Build.0 = Debug|Any CPU
		{A811F48C-17EE-4950-8AF1-B4E5C331C032}.Release|Any CPU.ActiveCfg = Release|Any CPU
		{A811F48C-17EE-4950-8AF1-B4E5C331C032}.Release|Any CPU.Build.0 = Release|Any CPU
		{9D3DD303-BDAF-42F5-BBB1-B5D9A7D39884}.Debug|Any CPU.ActiveCfg = Debug|Any CPU
		{9D3DD303-BDAF-42F5-BBB1-B5D9A7D39884}.Debug|Any CPU.Build.0 = Debug|Any CPU
		{9D3DD303-BDAF-42F5-BBB1-B5D9A7D39884}.Release|Any CPU.ActiveCfg = Release|Any CPU
		{9D3DD303-BDAF-42F5-BBB1-B5D9A7D39884}.Release|Any CPU.Build.0 = Release|Any CPU
	EndGlobalSection
	GlobalSection(SolutionProperties) = preSolution
		HideSolutionNode = FALSE
	EndGlobalSection
	GlobalSection(ExtensibilityGlobals) = postSolution
		SolutionGuid = {356E6A2F-0C7E-4245-8B4F-A2CCEFF88450}
	EndGlobalSection
EndGlobal
